
Microsoft Visual Studio Solution File, Format Version 12.00
# Visual Studio 15
VisualStudioVersion = 15.0.26730.16
MinimumVisualStudioVersion = 10.0.40219.1
Project("{FAE04EC0-301F-11D3-BF4B-00C04F79EFBC}") = "octopus.http.session", "octopus.http.session\octopus.http.session.csproj", "{E5D05858-841D-413A-AF2A-2344A928B34B}"
EndProject
Project("{FAE04EC0-301F-11D3-BF4B-00C04F79EFBC}") = "octopus.http.session.tests", "octopus.http.session.tests\octopus.http.session.tests.csproj", "{0D243460-D816-488A-B468-184A50575C65}"
EndProject
Project("{FAE04EC0-301F-11D3-BF4B-00C04F79EFBC}") = "octopus.http.session.grapevine", "octopus.http.session.grapevine\octopus.http.session.grapevine.csproj", "{8FAAB355-11B6-434C-AA63-B8966F78855C}"
EndProject
Global
	GlobalSection(SolutionConfigurationPlatforms) = preSolution
		Debug|Any CPU = Debug|Any CPU
		Release|Any CPU = Release|Any CPU
	EndGlobalSection
	GlobalSection(ProjectConfigurationPlatforms) = postSolution
		{E5D05858-841D-413A-AF2A-2344A928B34B}.Debug|Any CPU.ActiveCfg = Debug|Any CPU
		{E5D05858-841D-413A-AF2A-2344A928B34B}.Debug|Any CPU.Build.0 = Debug|Any CPU
		{E5D05858-841D-413A-AF2A-2344A928B34B}.Release|Any CPU.ActiveCfg = Release|Any CPU
		{E5D05858-841D-413A-AF2A-2344A928B34B}.Release|Any CPU.Build.0 = Release|Any CPU
		{0D243460-D816-488A-B468-184A50575C65}.Debug|Any CPU.ActiveCfg = Debug|Any CPU
		{0D243460-D816-488A-B468-184A50575C65}.Debug|Any CPU.Build.0 = Debug|Any CPU
		{0D243460-D816-488A-B468-184A50575C65}.Release|Any CPU.ActiveCfg = Release|Any CPU
		{0D243460-D816-488A-B468-184A50575C65}.Release|Any CPU.Build.0 = Release|Any CPU
		{8FAAB355-11B6-434C-AA63-B8966F78855C}.Debug|Any CPU.ActiveCfg = Debug|Any CPU
		{8FAAB355-11B6-434C-AA63-B8966F78855C}.Debug|Any CPU.Build.0 = Debug|Any CPU
		{8FAAB355-11B6-434C-AA63-B8966F78855C}.Release|Any CPU.ActiveCfg = Release|Any CPU
		{8FAAB355-11B6-434C-AA63-B8966F78855C}.Release|Any CPU.Build.0 = Release|Any CPU
	EndGlobalSection
	GlobalSection(SolutionProperties) = preSolution
		HideSolutionNode = FALSE
	EndGlobalSection
	GlobalSection(ExtensibilityGlobals) = postSolution
		SolutionGuid = {3FD7DF45-EBF5-4EE5-A14D-2D97A29536A2}
	EndGlobalSection
EndGlobal
